
Microsoft Visual Studio Solution File, Format Version 12.00
# Visual Studio 15
VisualStudioVersion = 15.0.28010.2048
MinimumVisualStudioVersion = 10.0.40219.1
Project("{FAE04EC0-301F-11D3-BF4B-00C04F79EFBC}") = "ImageGhange", "ImageGhange\ImageGhange.csproj", "{28DBAF32-D01B-4E95-B565-C450BCF3DA81}"
EndProject
Global
	GlobalSection(SolutionConfigurationPlatforms) = preSolution
		Debug|Any CPU = Debug|Any CPU
		Release|Any CPU = Release|Any CPU
	EndGlobalSection
	GlobalSection(ProjectConfigurationPlatforms) = postSolution
		{28DBAF32-D01B-4E95-B565-C450BCF3DA81}.Debug|Any CPU.ActiveCfg = Debug|Any CPU
		{28DBAF32-D01B-4E95-B565-C450BCF3DA81}.Debug|Any CPU.Build.0 = Debug|Any CPU
		{28DBAF32-D01B-4E95-B565-C450BCF3DA81}.Release|Any CPU.ActiveCfg = Release|Any CPU
		{28DBAF32-D01B-4E95-B565-C450BCF3DA81}.Release|Any CPU.Build.0 = Release|Any CPU
	EndGlobalSection
	GlobalSection(SolutionProperties) = preSolution
		HideSolutionNode = FALSE
	EndGlobalSection
	GlobalSection(ExtensibilityGlobals) = postSolution
		SolutionGuid = {AE6A38DA-6EA7-4228-85E9-897DE1E056AB}
	EndGlobalSection
EndGlobal
